
Microsoft Visual Studio Solution File, Format Version 12.00
# Visual Studio Version 16
VisualStudioVersion = 16.0.30621.155
MinimumVisualStudioVersion = 10.0.40219.1
Project("{8BC9CEB8-8B4A-11D0-8D11-00A0C91BC942}") = "操作系统原理", "操作系统原理.vcxproj", "{E2166D56-253B-44F6-8057-57E48EBDD197}"
EndProject
Global
	GlobalSection(SolutionConfigurationPlatforms) = preSolution
		Debug|x64 = Debug|x64
		Debug|x86 = Debug|x86
		Release|x64 = Release|x64
		Release|x86 = Release|x86
	EndGlobalSection
	GlobalSection(ProjectConfigurationPlatforms) = postSolution
		{E2166D56-253B-44F6-8057-57E48EBDD197}.Debug|x64.ActiveCfg = Debug|x64
		{E2166D56-253B-44F6-8057-57E48EBDD197}.Debug|x64.Build.0 = Debug|x64
		{E2166D56-253B-44F6-8057-57E48EBDD197}.Debug|x86.ActiveCfg = Debug|Win32
		{E2166D56-253B-44F6-8057-57E48EBDD197}.Debug|x86.Build.0 = Debug|Win32
		{E2166D56-253B-44F6-8057-57E48EBDD197}.Release|x64.ActiveCfg = Release|x64
		{E2166D56-253B-44F6-8057-57E48EBDD197}.Release|x64.Build.0 = Release|x64
		{E2166D56-253B-44F6-8057-57E48EBDD197}.Release|x86.ActiveCfg = Release|Win32
		{E2166D56-253B-44F6-8057-57E48EBDD197}.Release|x86.Build.0 = Release|Win32
	EndGlobalSection
	GlobalSection(SolutionProperties) = preSolution
		HideSolutionNode = FALSE
	EndGlobalSection
	GlobalSection(ExtensibilityGlobals) = postSolution
		SolutionGuid = {B13CBD59-96EE-44F6-A493-D7C10C9E4C4D}
	EndGlobalSection
EndGlobal
